
Microsoft Visual Studio Solution File, Format Version 12.00
# Visual Studio Version 17
VisualStudioVersion = 17.2.32519.379
MinimumVisualStudioVersion = 10.0.40219.1
Project("{FAE04EC0-301F-11D3-BF4B-00C04F79EFBC}") = "Day15HashTable", "Day15HashTable\Day15HashTable.csproj", "{0C6A296C-339D-40BD-9757-8039A2EF78EA}"
EndProject
Global
	GlobalSection(SolutionConfigurationPlatforms) = preSolution
		Debug|Any CPU = Debug|Any CPU
		Release|Any CPU = Release|Any CPU
	EndGlobalSection
	GlobalSection(ProjectConfigurationPlatforms) = postSolution
		{0C6A296C-339D-40BD-9757-8039A2EF78EA}.Debug|Any CPU.ActiveCfg = Debug|Any CPU
		{0C6A296C-339D-40BD-9757-8039A2EF78EA}.Debug|Any CPU.Build.0 = Debug|Any CPU
		{0C6A296C-339D-40BD-9757-8039A2EF78EA}.Release|Any CPU.ActiveCfg = Release|Any CPU
		{0C6A296C-339D-40BD-9757-8039A2EF78EA}.Release|Any CPU.Build.0 = Release|Any CPU
	EndGlobalSection
	GlobalSection(SolutionProperties) = preSolution
		HideSolutionNode = FALSE
	EndGlobalSection
	GlobalSection(ExtensibilityGlobals) = postSolution
		SolutionGuid = {029836D0-C763-480E-9881-28C963A458C9}
	EndGlobalSection
EndGlobal
